
Microsoft Visual Studio Solution File, Format Version 12.00
# Visual Studio 2013
VisualStudioVersion = 12.0.21005.1
MinimumVisualStudioVersion = 10.0.40219.1
Project("{2150E333-8FDC-42A3-9474-1A3956D46DE8}") = "bulid", "bulid", "{64B136BD-5C11-447E-9BAA-CF754438BCFB}"
	ProjectSection(SolutionItems) = preProject
		build\build_config.h = build\build_config.h
		build\stdafx.cpp = build\stdafx.cpp
		build\stdafx.h = build\stdafx.h
		build\uac_require_admin_win.manifest = build\uac_require_admin_win.manifest
		build\winsdk_config.h = build\winsdk_config.h
		build\xp_style_manifest_win.h = build\xp_style_manifest_win.h
	EndProjectSection
EndProject
Project("{8BC9CEB8-8B4A-11D0-8D11-00A0C91BC942}") = "duilib", "duilib\duilib.vcxproj", "{E106ACD7-4E53-4AEE-942B-D0DD426DB34E}"
EndProject
Project("{8BC9CEB8-8B4A-11D0-8D11-00A0C91BC942}") = "base", "base\base.vcxproj", "{8D9A6595-717A-41C8-B468-0011A72BE3D1}"
EndProject
Project("{8BC9CEB8-8B4A-11D0-8D11-00A0C91BC942}") = "demo", "demo\Demo.vcxproj", "{A01B66BD-F357-4F47-92C9-2CD58F78A5E9}"
	ProjectSection(ProjectDependencies) = postProject
		{199D635E-6BB8-4E95-94CA-8A7A3DACE1B5} = {199D635E-6BB8-4E95-94CA-8A7A3DACE1B5}
		{E106ACD7-4E53-4AEE-942B-D0DD426DB34E} = {E106ACD7-4E53-4AEE-942B-D0DD426DB34E}
	EndProjectSection
EndProject
Project("{8BC9CEB8-8B4A-11D0-8D11-00A0C91BC942}") = "shared", "shared\shared.vcxproj", "{D5A1F965-EFE2-4C75-908A-ADC01F4BEF36}"
EndProject
Project("{8BC9CEB8-8B4A-11D0-8D11-00A0C91BC942}") = "ui_kit", "ui_kit\ui_kit.vcxproj", "{199D635E-6BB8-4E95-94CA-8A7A3DACE1B5}"
	ProjectSection(ProjectDependencies) = postProject
		{E106ACD7-4E53-4AEE-942B-D0DD426DB34E} = {E106ACD7-4E53-4AEE-942B-D0DD426DB34E}
	EndProjectSection
EndProject
Project("{8BC9CEB8-8B4A-11D0-8D11-00A0C91BC942}") = "db", "db\db.vcxproj", "{745E6452-9FE1-435B-833A-767617EEE1DA}"
EndProject
Project("{2150E333-8FDC-42A3-9474-1A3956D46DE8}") = "third_party", "third_party", "{03EBF52E-95F6-497C-A64D-3B59BE8DB55D}"
EndProject
Project("{2150E333-8FDC-42A3-9474-1A3956D46DE8}") = "jsoncpp", "jsoncpp", "{6E1B7426-03DB-4221-B8A7-E7769F6F355F}"
EndProject
Project("{2150E333-8FDC-42A3-9474-1A3956D46DE8}") = "include", "include", "{4072B962-61C4-4C5C-8144-C3E836AB4165}"
EndProject
Project("{2150E333-8FDC-42A3-9474-1A3956D46DE8}") = "json", "json", "{8477D664-1693-40CF-81AD-9788426D7120}"
	ProjectSection(SolutionItems) = preProject
		third_party\jsoncpp\include\json\assertions.h = third_party\jsoncpp\include\json\assertions.h
		third_party\jsoncpp\include\json\autolink.h = third_party\jsoncpp\include\json\autolink.h
		third_party\jsoncpp\include\json\config.h = third_party\jsoncpp\include\json\config.h
		third_party\jsoncpp\include\json\features.h = third_party\jsoncpp\include\json\features.h
		third_party\jsoncpp\include\json\forwards.h = third_party\jsoncpp\include\json\forwards.h
		third_party\jsoncpp\include\json\json.h = third_party\jsoncpp\include\json\json.h
		third_party\jsoncpp\include\json\reader.h = third_party\jsoncpp\include\json\reader.h
		third_party\jsoncpp\include\json\value.h = third_party\jsoncpp\include\json\value.h
		third_party\jsoncpp\include\json\version.h = third_party\jsoncpp\include\json\version.h
		third_party\jsoncpp\include\json\writer.h = third_party\jsoncpp\include\json\writer.h
	EndProjectSection
EndProject
Project("{8BC9CEB8-8B4A-11D0-8D11-00A0C91BC942}") = "debug_dui_demo", "debug_dui_demo\debug_dui_demo.vcxproj", "{34A879C9-6244-49FB-8480-944CD6775906}"
EndProject
Project("{2150E333-8FDC-42A3-9474-1A3956D46DE8}") = "capture_image", "capture_image", "{29B20B82-E6B8-4CB8-8223-1E98710E53F3}"
EndProject
Project("{2150E333-8FDC-42A3-9474-1A3956D46DE8}") = "src", "src", "{70757950-919D-4CD9-9F14-3BD79267ADF8}"
	ProjectSection(SolutionItems) = preProject
		third_party\capture_image\src\capture_def.h = third_party\capture_image\src\capture_def.h
		third_party\capture_image\src\capture_manager.h = third_party\capture_image\src\capture_manager.h
		third_party\capture_image\src\capture_wnd.h = third_party\capture_image\src\capture_wnd.h
		third_party\capture_image\src\draw_unit.h = third_party\capture_image\src\draw_unit.h
		third_party\capture_image\src\ui_capture_edit.h = third_party\capture_image\src\ui_capture_edit.h
		third_party\capture_image\src\ui_capture_text_edit.h = third_party\capture_image\src\ui_capture_text_edit.h
		third_party\capture_image\src\ui_color_palette.h = third_party\capture_image\src\ui_color_palette.h
	EndProjectSection
EndProject
Project("{2150E333-8FDC-42A3-9474-1A3956D46DE8}") = "image_effects", "image_effects", "{688F811A-5049-40DE-A54C-9DCB22126A7E}"
	ProjectSection(SolutionItems) = preProject
		third_party\capture_image\image_effects\gauss_blur.h = third_party\capture_image\image_effects\gauss_blur.h
		third_party\capture_image\image_effects\mosaic.h = third_party\capture_image\image_effects\mosaic.h
		third_party\capture_image\image_effects\sse_check.h = third_party\capture_image\image_effects\sse_check.h
	EndProjectSection
EndProject
Project("{8BC9CEB8-8B4A-11D0-8D11-00A0C91BC942}") = "player", "player\player.vcxproj", "{D1B03378-ABD2-487B-A201-6770D79C8E83}"
EndProject
Project("{8BC9CEB8-8B4A-11D0-8D11-00A0C91BC942}") = "ffmpeg_test", "ffmpeg_test\ffmpeg_test.vcxproj", "{6F610600-0E54-4A29-B272-8F616766EAD3}"
EndProject
Global
	GlobalSection(SolutionConfigurationPlatforms) = preSolution
		Debug|Win32 = Debug|Win32
		Debug|x64 = Debug|x64
		Release|Win32 = Release|Win32
		Release|x64 = Release|x64
		UnicodeDebug|Win32 = UnicodeDebug|Win32
		UnicodeDebug|x64 = UnicodeDebug|x64
		UnicodeRelease|Win32 = UnicodeRelease|Win32
		UnicodeRelease|x64 = UnicodeRelease|x64
	EndGlobalSection
	GlobalSection(ProjectConfigurationPlatforms) = postSolution
		{E106ACD7-4E53-4AEE-942B-D0DD426DB34E}.Debug|Win32.ActiveCfg = Debug|Win32
		{E106ACD7-4E53-4AEE-942B-D0DD426DB34E}.Debug|Win32.Build.0 = Debug|Win32
		{E106ACD7-4E53-4AEE-942B-D0DD426DB34E}.Debug|x64.ActiveCfg = Debug|Win32
		{E106ACD7-4E53-4AEE-942B-D0DD426DB34E}.Release|Win32.ActiveCfg = Release|Win32
		{E106ACD7-4E53-4AEE-942B-D0DD426DB34E}.Release|Win32.Build.0 = Release|Win32
		{E106ACD7-4E53-4AEE-942B-D0DD426DB34E}.Release|x64.ActiveCfg = Release|Win32
		{E106ACD7-4E53-4AEE-942B-D0DD426DB34E}.UnicodeDebug|Win32.ActiveCfg = UnicodeDebug|Win32
		{E106ACD7-4E53-4AEE-942B-D0DD426DB34E}.UnicodeDebug|Win32.Build.0 = UnicodeDebug|Win32
		{E106ACD7-4E53-4AEE-942B-D0DD426DB34E}.UnicodeDebug|x64.ActiveCfg = UnicodeDebug|Win32
		{E106ACD7-4E53-4AEE-942B-D0DD426DB34E}.UnicodeRelease|Win32.ActiveCfg = UnicodeRelease|Win32
		{E106ACD7-4E53-4AEE-942B-D0DD426DB34E}.UnicodeRelease|Win32.Build.0 = UnicodeRelease|Win32
		{E106ACD7-4E53-4AEE-942B-D0DD426DB34E}.UnicodeRelease|x64.ActiveCfg = UnicodeRelease|Win32
		{8D9A6595-717A-41C8-B468-0011A72BE3D1}.Debug|Win32.ActiveCfg = Debug|Win32
		{8D9A6595-717A-41C8-B468-0011A72BE3D1}.Debug|Win32.Build.0 = Debug|Win32
		{8D9A6595-717A-41C8-B468-0011A72BE3D1}.Debug|x64.ActiveCfg = Debug|x64
		{8D9A6595-717A-41C8-B468-0011A72BE3D1}.Debug|x64.Build.0 = Debug|x64
		{8D9A6595-717A-41C8-B468-0011A72BE3D1}.Release|Win32.ActiveCfg = Release|Win32
		{8D9A6595-717A-41C8-B468-0011A72BE3D1}.Release|Win32.Build.0 = Release|Win32
		{8D9A6595-717A-41C8-B468-0011A72BE3D1}.Release|x64.ActiveCfg = Release|x64
		{8D9A6595-717A-41C8-B468-0011A72BE3D1}.Release|x64.Build.0 = Release|x64
		{8D9A6595-717A-41C8-B468-0011A72BE3D1}.UnicodeDebug|Win32.ActiveCfg = Debug|Win32
		{8D9A6595-717A-41C8-B468-0011A72BE3D1}.UnicodeDebug|Win32.Build.0 = Debug|Win32
		{8D9A6595-717A-41C8-B468-0011A72BE3D1}.UnicodeDebug|x64.ActiveCfg = Debug|x64
		{8D9A6595-717A-41C8-B468-0011A72BE3D1}.UnicodeDebug|x64.Build.0 = Debug|x64
		{8D9A6595-717A-41C8-B468-0011A72BE3D1}.UnicodeRelease|Win32.ActiveCfg = Release|Win32
		{8D9A6595-717A-41C8-B468-0011A72BE3D1}.UnicodeRelease|Win32.Build.0 = Release|Win32
		{8D9A6595-717A-41C8-B468-0011A72BE3D1}.UnicodeRelease|x64.ActiveCfg = Release|x64
		{8D9A6595-717A-41C8-B468-0011A72BE3D1}.UnicodeRelease|x64.Build.0 = Release|x64
		{A01B66BD-F357-4F47-92C9-2CD58F78A5E9}.Debug|Win32.ActiveCfg = Debug|Win32
		{A01B66BD-F357-4F47-92C9-2CD58F78A5E9}.Debug|Win32.Build.0 = Debug|Win32
		{A01B66BD-F357-4F47-92C9-2CD58F78A5E9}.Debug|x64.ActiveCfg = Debug|Win32
		{A01B66BD-F357-4F47-92C9-2CD58F78A5E9}.Release|Win32.ActiveCfg = Release|Win32
		{A01B66BD-F357-4F47-92C9-2CD58F78A5E9}.Release|Win32.Build.0 = Release|Win32
		{A01B66BD-F357-4F47-92C9-2CD58F78A5E9}.Release|x64.ActiveCfg = Release|Win32
		{A01B66BD-F357-4F47-92C9-2CD58F78A5E9}.UnicodeDebug|Win32.ActiveCfg = Debug|Win32
		{A01B66BD-F357-4F47-92C9-2CD58F78A5E9}.UnicodeDebug|Win32.Build.0 = Debug|Win32
		{A01B66BD-F357-4F47-92C9-2CD58F78A5E9}.UnicodeDebug|x64.ActiveCfg = Debug|Win32
		{A01B66BD-F357-4F47-92C9-2CD58F78A5E9}.UnicodeRelease|Win32.ActiveCfg = Release|Win32
		{A01B66BD-F357-4F47-92C9-2CD58F78A5E9}.UnicodeRelease|Win32.Build.0 = Release|Win32
		{A01B66BD-F357-4F47-92C9-2CD58F78A5E9}.UnicodeRelease|x64.ActiveCfg = Release|Win32
		{D5A1F965-EFE2-4C75-908A-ADC01F4BEF36}.Debug|Win32.ActiveCfg = Debug|Win32
		{D5A1F965-EFE2-4C75-908A-ADC01F4BEF36}.Debug|Win32.Build.0 = Debug|Win32
		{D5A1F965-EFE2-4C75-908A-ADC01F4BEF36}.Debug|x64.ActiveCfg = Debug|Win32
		{D5A1F965-EFE2-4C75-908A-ADC01F4BEF36}.Release|Win32.ActiveCfg = Release|Win32
		{D5A1F965-EFE2-4C75-908A-ADC01F4BEF36}.Release|Win32.Build.0 = Release|Win32
		{D5A1F965-EFE2-4C75-908A-ADC01F4BEF36}.Release|x64.ActiveCfg = Release|Win32
		{D5A1F965-EFE2-4C75-908A-ADC01F4BEF36}.UnicodeDebug|Win32.ActiveCfg = Debug|Win32
		{D5A1F965-EFE2-4C75-908A-ADC01F4BEF36}.UnicodeDebug|Win32.Build.0 = Debug|Win32
		{D5A1F965-EFE2-4C75-908A-ADC01F4BEF36}.UnicodeDebug|x64.ActiveCfg = Debug|Win32
		{D5A1F965-EFE2-4C75-908A-ADC01F4BEF36}.UnicodeRelease|Win32.ActiveCfg = Release|Win32
		{D5A1F965-EFE2-4C75-908A-ADC01F4BEF36}.UnicodeRelease|Win32.Build.0 = Release|Win32
		{D5A1F965-EFE2-4C75-908A-ADC01F4BEF36}.UnicodeRelease|x64.ActiveCfg = Release|Win32
		{199D635E-6BB8-4E95-94CA-8A7A3DACE1B5}.Debug|Win32.ActiveCfg = Debug|Win32
		{199D635E-6BB8-4E95-94CA-8A7A3DACE1B5}.Debug|Win32.Build.0 = Debug|Win32
		{199D635E-6BB8-4E95-94CA-8A7A3DACE1B5}.Debug|x64.ActiveCfg = Debug|Win32
		{199D635E-6BB8-4E95-94CA-8A7A3DACE1B5}.Release|Win32.ActiveCfg = Release|Win32
		{199D635E-6BB8-4E95-94CA-8A7A3DACE1B5}.Release|Win32.Build.0 = Release|Win32
		{199D635E-6BB8-4E95-94CA-8A7A3DACE1B5}.Release|x64.ActiveCfg = Release|Win32
		{199D635E-6BB8-4E95-94CA-8A7A3DACE1B5}.UnicodeDebug|Win32.ActiveCfg = Debug|Win32
		{199D635E-6BB8-4E95-94CA-8A7A3DACE1B5}.UnicodeDebug|Win32.Build.0 = Debug|Win32
		{199D635E-6BB8-4E95-94CA-8A7A3DACE1B5}.UnicodeDebug|x64.ActiveCfg = Debug|Win32
		{199D635E-6BB8-4E95-94CA-8A7A3DACE1B5}.UnicodeRelease|Win32.ActiveCfg = Release|Win32
		{199D635E-6BB8-4E95-94CA-8A7A3DACE1B5}.UnicodeRelease|Win32.Build.0 = Release|Win32
		{199D635E-6BB8-4E95-94CA-8A7A3DACE1B5}.UnicodeRelease|x64.ActiveCfg = Release|Win32
		{745E6452-9FE1-435B-833A-767617EEE1DA}.Debug|Win32.ActiveCfg = Debug|Win32
		{745E6452-9FE1-435B-833A-767617EEE1DA}.Debug|Win32.Build.0 = Debug|Win32
		{745E6452-9FE1-435B-833A-767617EEE1DA}.Debug|x64.ActiveCfg = Debug|x64
		{745E6452-9FE1-435B-833A-767617EEE1DA}.Debug|x64.Build.0 = Debug|x64
		{745E6452-9FE1-435B-833A-767617EEE1DA}.Release|Win32.ActiveCfg = Release|Win32
		{745E6452-9FE1-435B-833A-767617EEE1DA}.Release|Win32.Build.0 = Release|Win32
		{745E6452-9FE1-435B-833A-767617EEE1DA}.Release|x64.ActiveCfg = Release|x64
		{745E6452-9FE1-435B-833A-767617EEE1DA}.Release|x64.Build.0 = Release|x64
		{745E6452-9FE1-435B-833A-767617EEE1DA}.UnicodeDebug|Win32.ActiveCfg = Debug|Win32
		{745E6452-9FE1-435B-833A-767617EEE1DA}.UnicodeDebug|Win32.Build.0 = Debug|Win32
		{745E6452-9FE1-435B-833A-767617EEE1DA}.UnicodeDebug|x64.ActiveCfg = Debug|x64
		{745E6452-9FE1-435B-833A-767617EEE1DA}.UnicodeDebug|x64.Build.0 = Debug|x64
		{745E6452-9FE1-435B-833A-767617EEE1DA}.UnicodeRelease|Win32.ActiveCfg = Release|Win32
		{745E6452-9FE1-435B-833A-767617EEE1DA}.UnicodeRelease|Win32.Build.0 = Release|Win32
		{745E6452-9FE1-435B-833A-767617EEE1DA}.UnicodeRelease|x64.ActiveCfg = Release|x64
		{745E6452-9FE1-435B-833A-767617EEE1DA}.UnicodeRelease|x64.Build.0 = Release|x64
		{34A879C9-6244-49FB-8480-944CD6775906}.Debug|Win32.ActiveCfg = Debug|Win32
		{34A879C9-6244-49FB-8480-944CD6775906}.Debug|Win32.Build.0 = Debug|Win32
		{34A879C9-6244-49FB-8480-944CD6775906}.Debug|x64.ActiveCfg = Debug|Win32
		{34A879C9-6244-49FB-8480-944CD6775906}.Release|Win32.ActiveCfg = Release|Win32
		{34A879C9-6244-49FB-8480-944CD6775906}.Release|Win32.Build.0 = Release|Win32
		{34A879C9-6244-49FB-8480-944CD6775906}.Release|x64.ActiveCfg = Release|Win32
		{34A879C9-6244-49FB-8480-944CD6775906}.UnicodeDebug|Win32.ActiveCfg = Debug|Win32
		{34A879C9-6244-49FB-8480-944CD6775906}.UnicodeDebug|Win32.Build.0 = Debug|Win32
		{34A879C9-6244-49FB-8480-944CD6775906}.UnicodeDebug|x64.ActiveCfg = Debug|Win32
		{34A879C9-6244-49FB-8480-944CD6775906}.UnicodeRelease|Win32.ActiveCfg = Release|Win32
		{34A879C9-6244-49FB-8480-944CD6775906}.UnicodeRelease|Win32.Build.0 = Release|Win32
		{34A879C9-6244-49FB-8480-944CD6775906}.UnicodeRelease|x64.ActiveCfg = Release|Win32
		{D1B03378-ABD2-487B-A201-6770D79C8E83}.Debug|Win32.ActiveCfg = Debug|Win32
		{D1B03378-ABD2-487B-A201-6770D79C8E83}.Debug|Win32.Build.0 = Debug|Win32
		{D1B03378-ABD2-487B-A201-6770D79C8E83}.Debug|x64.ActiveCfg = Debug|Win32
		{D1B03378-ABD2-487B-A201-6770D79C8E83}.Release|Win32.ActiveCfg = Release|Win32
		{D1B03378-ABD2-487B-A201-6770D79C8E83}.Release|Win32.Build.0 = Release|Win32
		{D1B03378-ABD2-487B-A201-6770D79C8E83}.Release|x64.ActiveCfg = Release|Win32
		{D1B03378-ABD2-487B-A201-6770D79C8E83}.UnicodeDebug|Win32.ActiveCfg = Debug|Win32
		{D1B03378-ABD2-487B-A201-6770D79C8E83}.UnicodeDebug|Win32.Build.0 = Debug|Win32
		{D1B03378-ABD2-487B-A201-6770D79C8E83}.UnicodeDebug|x64.ActiveCfg = Debug|Win32
		{D1B03378-ABD2-487B-A201-6770D79C8E83}.UnicodeRelease|Win32.ActiveCfg = Release|Win32
		{D1B03378-ABD2-487B-A201-6770D79C8E83}.UnicodeRelease|Win32.Build.0 = Release|Win32
		{D1B03378-ABD2-487B-A201-6770D79C8E83}.UnicodeRelease|x64.ActiveCfg = Release|Win32
		{6F610600-0E54-4A29-B272-8F616766EAD3}.Debug|Win32.ActiveCfg = Debug|Win32
		{6F610600-0E54-4A29-B272-8F616766EAD3}.Debug|Win32.Build.0 = Debug|Win32
		{6F610600-0E54-4A29-B272-8F616766EAD3}.Debug|x64.ActiveCfg = Debug|Win32
		{6F610600-0E54-4A29-B272-8F616766EAD3}.Release|Win32.ActiveCfg = Release|Win32
		{6F610600-0E54-4A29-B272-8F616766EAD3}.Release|Win32.Build.0 = Release|Win32
		{6F610600-0E54-4A29-B272-8F616766EAD3}.Release|x64.ActiveCfg = Release|Win32
		{6F610600-0E54-4A29-B272-8F616766EAD3}.UnicodeDebug|Win32.ActiveCfg = Debug|Win32
		{6F610600-0E54-4A29-B272-8F616766EAD3}.UnicodeDebug|Win32.Build.0 = Debug|Win32
		{6F610600-0E54-4A29-B272-8F616766EAD3}.UnicodeDebug|x64.ActiveCfg = Debug|Win32
		{6F610600-0E54-4A29-B272-8F616766EAD3}.UnicodeRelease|Win32.ActiveCfg = Release|Win32
		{6F610600-0E54-4A29-B272-8F616766EAD3}.UnicodeRelease|Win32.Build.0 = Release|Win32
		{6F610600-0E54-4A29-B272-8F616766EAD3}.UnicodeRelease|x64.ActiveCfg = Release|Win32
	EndGlobalSection
	GlobalSection(SolutionProperties) = preSolution
		HideSolutionNode = FALSE
	EndGlobalSection
	GlobalSection(NestedProjects) = preSolution
		{6E1B7426-03DB-4221-B8A7-E7769F6F355F} = {03EBF52E-95F6-497C-A64D-3B59BE8DB55D}
		{29B20B82-E6B8-4CB8-8223-1E98710E53F3} = {03EBF52E-95F6-497C-A64D-3B59BE8DB55D}
		{4072B962-61C4-4C5C-8144-C3E836AB4165} = {6E1B7426-03DB-4221-B8A7-E7769F6F355F}
		{8477D664-1693-40CF-81AD-9788426D7120} = {4072B962-61C4-4C5C-8144-C3E836AB4165}
		{70757950-919D-4CD9-9F14-3BD79267ADF8} = {29B20B82-E6B8-4CB8-8223-1E98710E53F3}
		{688F811A-5049-40DE-A54C-9DCB22126A7E} = {29B20B82-E6B8-4CB8-8223-1E98710E53F3}
	EndGlobalSection
EndGlobal
