
Microsoft Visual Studio Solution File, Format Version 12.00
# Visual Studio 2013
VisualStudioVersion = 12.0.21005.1
MinimumVisualStudioVersion = 10.0.40219.1
Project("{2150E333-8FDC-42A3-9474-1A3956D46DE8}") = "bulid", "bulid", "{64B136BD-5C11-447E-9BAA-CF754438BCFB}"
	ProjectSection(SolutionItems) = preProject
		build\build_config.h = build\build_config.h
		build\stdafx.cpp = build\stdafx.cpp
		build\stdafx.h = build\stdafx.h
		build\uac_require_admin_win.manifest = build\uac_require_admin_win.manifest
		build\winsdk_config.h = build\winsdk_config.h
		build\xp_style_manifest_win.h = build\xp_style_manifest_win.h
	EndProjectSection
EndProject
Project("{8BC9CEB8-8B4A-11D0-8D11-00A0C91BC942}") = "duilib", "duilib\duilib.vcxproj", "{E106ACD7-4E53-4AEE-942B-D0DD426DB34E}"
EndProject
Project("{8BC9CEB8-8B4A-11D0-8D11-00A0C91BC942}") = "base", "base\base.vcxproj", "{8D9A6595-717A-41C8-B468-0011A72BE3D1}"
EndProject
Project("{8BC9CEB8-8B4A-11D0-8D11-00A0C91BC942}") = "demo", "demo\Demo.vcxproj", "{A01B66BD-F357-4F47-92C9-2CD58F78A5E9}"
	ProjectSection(ProjectDependencies) = postProject
		{199D635E-6BB8-4E95-94CA-8A7A3DACE1B5} = {199D635E-6BB8-4E95-94CA-8A7A3DACE1B5}
		{E106ACD7-4E53-4AEE-942B-D0DD426DB34E} = {E106ACD7-4E53-4AEE-942B-D0DD426DB34E}
	EndProjectSection
EndProject
Project("{8BC9CEB8-8B4A-11D0-8D11-00A0C91BC942}") = "shared", "shared\shared.vcxproj", "{D5A1F965-EFE2-4C75-908A-ADC01F4BEF36}"
EndProject
Project("{8BC9CEB8-8B4A-11D0-8D11-00A0C91BC942}") = "ui_kit", "ui_kit\ui_kit.vcxproj", "{199D635E-6BB8-4E95-94CA-8A7A3DACE1B5}"
	ProjectSection(ProjectDependencies) = postProject
		{E106ACD7-4E53-4AEE-942B-D0DD426DB34E} = {E106ACD7-4E53-4AEE-942B-D0DD426DB34E}
	EndProjectSection
EndProject
Project("{8BC9CEB8-8B4A-11D0-8D11-00A0C91BC942}") = "db", "db\db.vcxproj", "{745E6452-9FE1-435B-833A-767617EEE1DA}"
EndProject
Project("{2150E333-8FDC-42A3-9474-1A3956D46DE8}") = "third_party", "third_party", "{03EBF52E-95F6-497C-A64D-3B59BE8DB55D}"
EndProject
Project("{2150E333-8FDC-42A3-9474-1A3956D46DE8}") = "jsoncpp", "jsoncpp", "{6E1B7426-03DB-4221-B8A7-E7769F6F355F}"
EndProject
Project("{2150E333-8FDC-42A3-9474-1A3956D46DE8}") = "include", "include", "{4072B962-61C4-4C5C-8144-C3E836AB4165}"
EndProject
Project("{2150E333-8FDC-42A3-9474-1A3956D46DE8}") = "json", "json", "{8477D664-1693-40CF-81AD-9788426D7120}"
	ProjectSection(SolutionItems) = preProject
		third_party\jsoncpp\include\json\assertions.h = third_party\jsoncpp\include\json\assertions.h
		third_party\jsoncpp\include\json\autolink.h = third_party\jsoncpp\include\json\autolink.h
		third_party\jsoncpp\include\json\config.h = third_party\jsoncpp\include\json\config.h
		third_party\jsoncpp\include\json\features.h = third_party\jsoncpp\include\json\features.h
		third_party\jsoncpp\include\json\forwards.h = third_party\jsoncpp\include\json\forwards.h
		third_party\jsoncpp\include\json\json.h = third_party\jsoncpp\include\json\json.h
		third_party\jsoncpp\include\json\reader.h = third_party\jsoncpp\include\json\reader.h
		third_party\jsoncpp\include\json\value.h = third_party\jsoncpp\include\json\value.h
		third_party\jsoncpp\include\json\version.h = third_party\jsoncpp\include\json\version.h
		third_party\jsoncpp\include\json\writer.h = third_party\jsoncpp\include\json\writer.h
	EndProjectSection
EndProject
Project("{8BC9CEB8-8B4A-11D0-8D11-00A0C91BC942}") = "debug_dui_demo", "debug_dui_demo\debug_dui_demo.vcxproj", "{34A879C9-6244-49FB-8480-944CD6775906}"
EndProject
Project("{2150E333-8FDC-42A3-9474-1A3956D46DE8}") = "capture_image", "capture_image", "{29B20B82-E6B8-4CB8-8223-1E98710E53F3}"
EndProject
Project("{2150E333-8FDC-42A3-9474-1A3956D46DE8}") = "src", "src", "{70757950-919D-4CD9-9F14-3BD79267ADF8}"
	ProjectSection(SolutionItems) = preProject
		third_party\capture_image\src\capture_def.h = third_party\capture_image\src\capture_def.h
		third_party\capture_image\src\capture_manager.h = third_party\capture_image\src\capture_manager.h
		third_party\capture_image\src\capture_wnd.h = third_party\capture_image\src\capture_wnd.h
		third_party\capture_image\src\draw_unit.h = third_party\capture_image\src\draw_unit.h
		third_party\capture_image\src\ui_capture_edit.h = third_party\capture_image\src\ui_capture_edit.h
		third_party\capture_image\src\ui_capture_text_edit.h = third_party\capture_image\src\ui_capture_text_edit.h
		third_party\capture_image\src\ui_color_palette.h = third_party\capture_image\src\ui_color_palette.h
	EndProjectSection
EndProject
Project("{2150E333-8FDC-42A3-9474-1A3956D46DE8}") = "image_effects", "image_effects", "{688F811A-5049-40DE-A54C-9DCB22126A7E}"
	ProjectSection(SolutionItems) = preProject
		third_party\capture_image\image_effects\gauss_blur.h = third_party\capture_image\image_effects\gauss_blur.h
		third_party\capture_image\image_effects\mosaic.h = third_party\capture_image\image_effects\mosaic.h
		third_party\capture_image\image_effects\sse_check.h = third_party\capture_image\image_effects\sse_check.h
	EndProjectSection
EndProject
Project("{8BC9CEB8-8B4A-11D0-8D11-00A0C91BC942}") = "player", "player\player.vcxproj", "{D1B03378-ABD2-487B-A201-6770D79C8E83}"
EndProject
Project("{8BC9CEB8-8B4A-11D0-8D11-00A0C91BC942}") = "ffmpeg_test", "ffmpeg_test\ffmpeg_test.vcxproj", "{6F610600-0E54-4A29-B272-8F616766EAD3}"
EndProject
Project("{2150E333-8FDC-42A3-9474-1A3956D46DE8}") = "live555", "live555", "{F3A09850-38DE-4222-A867-0895BDC6EC67}"
EndProject
Project("{2150E333-8FDC-42A3-9474-1A3956D46DE8}") = "BasicUsageEnvironment", "BasicUsageEnvironment", "{FFF5E5B8-C115-451F-A592-B3DFB3899FA4}"
EndProject
Project("{2150E333-8FDC-42A3-9474-1A3956D46DE8}") = "groupsock", "groupsock", "{1525BCA4-640E-42A6-A0E3-91B1B7FE3A55}"
EndProject
Project("{2150E333-8FDC-42A3-9474-1A3956D46DE8}") = "liveMedia", "liveMedia", "{5961E4D4-7A6E-43B6-A76F-760FD5F0134C}"
EndProject
Project("{2150E333-8FDC-42A3-9474-1A3956D46DE8}") = "mediaServer", "mediaServer", "{94F94BF1-C080-4D47-ADBE-6BA83AB21669}"
EndProject
Project("{2150E333-8FDC-42A3-9474-1A3956D46DE8}") = "proxyServer", "proxyServer", "{C966D25F-62CD-4507-82B9-2F5E6669BD69}"
EndProject
Project("{2150E333-8FDC-42A3-9474-1A3956D46DE8}") = "UsageEnvironment", "UsageEnvironment", "{81825D00-7FF2-4235-AC5D-D4E6FA4D0EBE}"
EndProject
Project("{2150E333-8FDC-42A3-9474-1A3956D46DE8}") = "WindowsAudioInputDevice", "WindowsAudioInputDevice", "{D739BED1-F9DB-432F-A240-990087158A51}"
	ProjectSection(SolutionItems) = preProject
		live555\WindowsAudioInputDevice\showAudioInputPorts.cpp = live555\WindowsAudioInputDevice\showAudioInputPorts.cpp
		live555\WindowsAudioInputDevice\WindowsAudioInputDevice.mak = live555\WindowsAudioInputDevice\WindowsAudioInputDevice.mak
		live555\WindowsAudioInputDevice\WindowsAudioInputDevice_common.cpp = live555\WindowsAudioInputDevice\WindowsAudioInputDevice_common.cpp
		live555\WindowsAudioInputDevice\WindowsAudioInputDevice_common.hh = live555\WindowsAudioInputDevice\WindowsAudioInputDevice_common.hh
		live555\WindowsAudioInputDevice\WindowsAudioInputDevice_mixer.cpp = live555\WindowsAudioInputDevice\WindowsAudioInputDevice_mixer.cpp
		live555\WindowsAudioInputDevice\WindowsAudioInputDevice_mixer.hh = live555\WindowsAudioInputDevice\WindowsAudioInputDevice_mixer.hh
		live555\WindowsAudioInputDevice\WindowsAudioInputDevice_noMixer.cpp = live555\WindowsAudioInputDevice\WindowsAudioInputDevice_noMixer.cpp
		live555\WindowsAudioInputDevice\WindowsAudioInputDevice_noMixer.hh = live555\WindowsAudioInputDevice\WindowsAudioInputDevice_noMixer.hh
	EndProjectSection
EndProject
Project("{2150E333-8FDC-42A3-9474-1A3956D46DE8}") = "testProgs", "testProgs", "{D6BC3708-140F-4EEB-86F0-047D2FCFCFC1}"
EndProject
Project("{8BC9CEB8-8B4A-11D0-8D11-00A0C91BC942}") = "BasicUsageEnvironment", "live555\BasicUsageEnvironment\BasicUsageEnvironment.vcxproj", "{7F52544B-23EC-432D-B394-A2E55961A22B}"
EndProject
Project("{8BC9CEB8-8B4A-11D0-8D11-00A0C91BC942}") = "groupsock", "live555\groupsock\groupsock.vcxproj", "{5AB76408-6EE5-46F1-A36C-8709090E95C1}"
EndProject
Project("{8BC9CEB8-8B4A-11D0-8D11-00A0C91BC942}") = "liveMedia", "live555\liveMedia\liveMedia.vcxproj", "{4036EC24-D002-4CAD-BBD9-CB0A20EBE954}"
EndProject
Project("{8BC9CEB8-8B4A-11D0-8D11-00A0C91BC942}") = "mediaServer", "live555\mediaServer\mediaServer.vcxproj", "{C7F5541D-C821-4B12-8CE4-2660D39E0239}"
EndProject
Project("{8BC9CEB8-8B4A-11D0-8D11-00A0C91BC942}") = "proxyServer", "live555\proxyServer\proxyServer.vcxproj", "{E7761CD7-02B3-416E-8029-B944BEF0D3B5}"
EndProject
Project("{8BC9CEB8-8B4A-11D0-8D11-00A0C91BC942}") = "testProgs", "live555\testProgs\testProgs.vcxproj", "{E735C1AA-9A68-4724-808F-6F92064A777F}"
EndProject
Project("{8BC9CEB8-8B4A-11D0-8D11-00A0C91BC942}") = "UsageEnvironment", "live555\UsageEnvironment\UsageEnvironment.vcxproj", "{66E3B4C5-8DEA-4B3D-BBB7-C538A1A4DAC7}"
EndProject
Project("{8BC9CEB8-8B4A-11D0-8D11-00A0C91BC942}") = "zlib", "third_party\zlib\zlib.vcxproj", "{5E788760-67ED-4D8E-8EDB-160317BF3B58}"
EndProject
Project("{8BC9CEB8-8B4A-11D0-8D11-00A0C91BC942}") = "libqr", "third_party\libqr\libqr.vcxproj", "{BB9B5E12-44E9-4C3E-9116-2DCDC2FEAE2E}"
EndProject
Global
	GlobalSection(SolutionConfigurationPlatforms) = preSolution
		Debug|Win32 = Debug|Win32
		Debug|x64 = Debug|x64
		Release|Win32 = Release|Win32
		Release|x64 = Release|x64
		UnicodeDebug|Win32 = UnicodeDebug|Win32
		UnicodeDebug|x64 = UnicodeDebug|x64
		UnicodeRelease|Win32 = UnicodeRelease|Win32
		UnicodeRelease|x64 = UnicodeRelease|x64
	EndGlobalSection
	GlobalSection(ProjectConfigurationPlatforms) = postSolution
		{E106ACD7-4E53-4AEE-942B-D0DD426DB34E}.Debug|Win32.ActiveCfg = Debug|Win32
		{E106ACD7-4E53-4AEE-942B-D0DD426DB34E}.Debug|Win32.Build.0 = Debug|Win32
		{E106ACD7-4E53-4AEE-942B-D0DD426DB34E}.Debug|x64.ActiveCfg = Debug|Win32
		{E106ACD7-4E53-4AEE-942B-D0DD426DB34E}.Release|Win32.ActiveCfg = Release|Win32
		{E106ACD7-4E53-4AEE-942B-D0DD426DB34E}.Release|Win32.Build.0 = Release|Win32
		{E106ACD7-4E53-4AEE-942B-D0DD426DB34E}.Release|x64.ActiveCfg = Release|Win32
		{E106ACD7-4E53-4AEE-942B-D0DD426DB34E}.UnicodeDebug|Win32.ActiveCfg = UnicodeDebug|Win32
		{E106ACD7-4E53-4AEE-942B-D0DD426DB34E}.UnicodeDebug|Win32.Build.0 = UnicodeDebug|Win32
		{E106ACD7-4E53-4AEE-942B-D0DD426DB34E}.UnicodeDebug|x64.ActiveCfg = UnicodeDebug|Win32
		{E106ACD7-4E53-4AEE-942B-D0DD426DB34E}.UnicodeRelease|Win32.ActiveCfg = UnicodeRelease|Win32
		{E106ACD7-4E53-4AEE-942B-D0DD426DB34E}.UnicodeRelease|Win32.Build.0 = UnicodeRelease|Win32
		{E106ACD7-4E53-4AEE-942B-D0DD426DB34E}.UnicodeRelease|x64.ActiveCfg = UnicodeRelease|Win32
		{8D9A6595-717A-41C8-B468-0011A72BE3D1}.Debug|Win32.ActiveCfg = Debug|Win32
		{8D9A6595-717A-41C8-B468-0011A72BE3D1}.Debug|Win32.Build.0 = Debug|Win32
		{8D9A6595-717A-41C8-B468-0011A72BE3D1}.Debug|x64.ActiveCfg = Debug|x64
		{8D9A6595-717A-41C8-B468-0011A72BE3D1}.Debug|x64.Build.0 = Debug|x64
		{8D9A6595-717A-41C8-B468-0011A72BE3D1}.Release|Win32.ActiveCfg = Release|Win32
		{8D9A6595-717A-41C8-B468-0011A72BE3D1}.Release|Win32.Build.0 = Release|Win32
		{8D9A6595-717A-41C8-B468-0011A72BE3D1}.Release|x64.ActiveCfg = Release|x64
		{8D9A6595-717A-41C8-B468-0011A72BE3D1}.Release|x64.Build.0 = Release|x64
		{8D9A6595-717A-41C8-B468-0011A72BE3D1}.UnicodeDebug|Win32.ActiveCfg = Debug|Win32
		{8D9A6595-717A-41C8-B468-0011A72BE3D1}.UnicodeDebug|Win32.Build.0 = Debug|Win32
		{8D9A6595-717A-41C8-B468-0011A72BE3D1}.UnicodeDebug|x64.ActiveCfg = Debug|x64
		{8D9A6595-717A-41C8-B468-0011A72BE3D1}.UnicodeDebug|x64.Build.0 = Debug|x64
		{8D9A6595-717A-41C8-B468-0011A72BE3D1}.UnicodeRelease|Win32.ActiveCfg = Release|Win32
		{8D9A6595-717A-41C8-B468-0011A72BE3D1}.UnicodeRelease|Win32.Build.0 = Release|Win32
		{8D9A6595-717A-41C8-B468-0011A72BE3D1}.UnicodeRelease|x64.ActiveCfg = Release|x64
		{8D9A6595-717A-41C8-B468-0011A72BE3D1}.UnicodeRelease|x64.Build.0 = Release|x64
		{A01B66BD-F357-4F47-92C9-2CD58F78A5E9}.Debug|Win32.ActiveCfg = Debug|Win32
		{A01B66BD-F357-4F47-92C9-2CD58F78A5E9}.Debug|Win32.Build.0 = Debug|Win32
		{A01B66BD-F357-4F47-92C9-2CD58F78A5E9}.Debug|x64.ActiveCfg = Debug|Win32
		{A01B66BD-F357-4F47-92C9-2CD58F78A5E9}.Release|Win32.ActiveCfg = Release|Win32
		{A01B66BD-F357-4F47-92C9-2CD58F78A5E9}.Release|Win32.Build.0 = Release|Win32
		{A01B66BD-F357-4F47-92C9-2CD58F78A5E9}.Release|x64.ActiveCfg = Release|Win32
		{A01B66BD-F357-4F47-92C9-2CD58F78A5E9}.UnicodeDebug|Win32.ActiveCfg = Debug|Win32
		{A01B66BD-F357-4F47-92C9-2CD58F78A5E9}.UnicodeDebug|Win32.Build.0 = Debug|Win32
		{A01B66BD-F357-4F47-92C9-2CD58F78A5E9}.UnicodeDebug|x64.ActiveCfg = Debug|Win32
		{A01B66BD-F357-4F47-92C9-2CD58F78A5E9}.UnicodeRelease|Win32.ActiveCfg = Release|Win32
		{A01B66BD-F357-4F47-92C9-2CD58F78A5E9}.UnicodeRelease|Win32.Build.0 = Release|Win32
		{A01B66BD-F357-4F47-92C9-2CD58F78A5E9}.UnicodeRelease|x64.ActiveCfg = Release|Win32
		{D5A1F965-EFE2-4C75-908A-ADC01F4BEF36}.Debug|Win32.ActiveCfg = Debug|Win32
		{D5A1F965-EFE2-4C75-908A-ADC01F4BEF36}.Debug|Win32.Build.0 = Debug|Win32
		{D5A1F965-EFE2-4C75-908A-ADC01F4BEF36}.Debug|x64.ActiveCfg = Debug|Win32
		{D5A1F965-EFE2-4C75-908A-ADC01F4BEF36}.Release|Win32.ActiveCfg = Release|Win32
		{D5A1F965-EFE2-4C75-908A-ADC01F4BEF36}.Release|Win32.Build.0 = Release|Win32
		{D5A1F965-EFE2-4C75-908A-ADC01F4BEF36}.Release|x64.ActiveCfg = Release|Win32
		{D5A1F965-EFE2-4C75-908A-ADC01F4BEF36}.UnicodeDebug|Win32.ActiveCfg = Debug|Win32
		{D5A1F965-EFE2-4C75-908A-ADC01F4BEF36}.UnicodeDebug|Win32.Build.0 = Debug|Win32
		{D5A1F965-EFE2-4C75-908A-ADC01F4BEF36}.UnicodeDebug|x64.ActiveCfg = Debug|Win32
		{D5A1F965-EFE2-4C75-908A-ADC01F4BEF36}.UnicodeRelease|Win32.ActiveCfg = Release|Win32
		{D5A1F965-EFE2-4C75-908A-ADC01F4BEF36}.UnicodeRelease|Win32.Build.0 = Release|Win32
		{D5A1F965-EFE2-4C75-908A-ADC01F4BEF36}.UnicodeRelease|x64.ActiveCfg = Release|Win32
		{199D635E-6BB8-4E95-94CA-8A7A3DACE1B5}.Debug|Win32.ActiveCfg = Debug|Win32
		{199D635E-6BB8-4E95-94CA-8A7A3DACE1B5}.Debug|Win32.Build.0 = Debug|Win32
		{199D635E-6BB8-4E95-94CA-8A7A3DACE1B5}.Debug|x64.ActiveCfg = Debug|Win32
		{199D635E-6BB8-4E95-94CA-8A7A3DACE1B5}.Release|Win32.ActiveCfg = Release|Win32
		{199D635E-6BB8-4E95-94CA-8A7A3DACE1B5}.Release|Win32.Build.0 = Release|Win32
		{199D635E-6BB8-4E95-94CA-8A7A3DACE1B5}.Release|x64.ActiveCfg = Release|Win32
		{199D635E-6BB8-4E95-94CA-8A7A3DACE1B5}.UnicodeDebug|Win32.ActiveCfg = Debug|Win32
		{199D635E-6BB8-4E95-94CA-8A7A3DACE1B5}.UnicodeDebug|Win32.Build.0 = Debug|Win32
		{199D635E-6BB8-4E95-94CA-8A7A3DACE1B5}.UnicodeDebug|x64.ActiveCfg = Debug|Win32
		{199D635E-6BB8-4E95-94CA-8A7A3DACE1B5}.UnicodeRelease|Win32.ActiveCfg = Release|Win32
		{199D635E-6BB8-4E95-94CA-8A7A3DACE1B5}.UnicodeRelease|Win32.Build.0 = Release|Win32
		{199D635E-6BB8-4E95-94CA-8A7A3DACE1B5}.UnicodeRelease|x64.ActiveCfg = Release|Win32
		{745E6452-9FE1-435B-833A-767617EEE1DA}.Debug|Win32.ActiveCfg = Debug|Win32
		{745E6452-9FE1-435B-833A-767617EEE1DA}.Debug|Win32.Build.0 = Debug|Win32
		{745E6452-9FE1-435B-833A-767617EEE1DA}.Debug|x64.ActiveCfg = Debug|x64
		{745E6452-9FE1-435B-833A-767617EEE1DA}.Debug|x64.Build.0 = Debug|x64
		{745E6452-9FE1-435B-833A-767617EEE1DA}.Release|Win32.ActiveCfg = Release|Win32
		{745E6452-9FE1-435B-833A-767617EEE1DA}.Release|Win32.Build.0 = Release|Win32
		{745E6452-9FE1-435B-833A-767617EEE1DA}.Release|x64.ActiveCfg = Release|x64
		{745E6452-9FE1-435B-833A-767617EEE1DA}.Release|x64.Build.0 = Release|x64
		{745E6452-9FE1-435B-833A-767617EEE1DA}.UnicodeDebug|Win32.ActiveCfg = Debug|Win32
		{745E6452-9FE1-435B-833A-767617EEE1DA}.UnicodeDebug|Win32.Build.0 = Debug|Win32
		{745E6452-9FE1-435B-833A-767617EEE1DA}.UnicodeDebug|x64.ActiveCfg = Debug|x64
		{745E6452-9FE1-435B-833A-767617EEE1DA}.UnicodeDebug|x64.Build.0 = Debug|x64
		{745E6452-9FE1-435B-833A-767617EEE1DA}.UnicodeRelease|Win32.ActiveCfg = Release|Win32
		{745E6452-9FE1-435B-833A-767617EEE1DA}.UnicodeRelease|Win32.Build.0 = Release|Win32
		{745E6452-9FE1-435B-833A-767617EEE1DA}.UnicodeRelease|x64.ActiveCfg = Release|x64
		{745E6452-9FE1-435B-833A-767617EEE1DA}.UnicodeRelease|x64.Build.0 = Release|x64
		{34A879C9-6244-49FB-8480-944CD6775906}.Debug|Win32.ActiveCfg = Debug|Win32
		{34A879C9-6244-49FB-8480-944CD6775906}.Debug|Win32.Build.0 = Debug|Win32
		{34A879C9-6244-49FB-8480-944CD6775906}.Debug|x64.ActiveCfg = Debug|Win32
		{34A879C9-6244-49FB-8480-944CD6775906}.Release|Win32.ActiveCfg = Release|Win32
		{34A879C9-6244-49FB-8480-944CD6775906}.Release|Win32.Build.0 = Release|Win32
		{34A879C9-6244-49FB-8480-944CD6775906}.Release|x64.ActiveCfg = Release|Win32
		{34A879C9-6244-49FB-8480-944CD6775906}.UnicodeDebug|Win32.ActiveCfg = Debug|Win32
		{34A879C9-6244-49FB-8480-944CD6775906}.UnicodeDebug|Win32.Build.0 = Debug|Win32
		{34A879C9-6244-49FB-8480-944CD6775906}.UnicodeDebug|x64.ActiveCfg = Debug|Win32
		{34A879C9-6244-49FB-8480-944CD6775906}.UnicodeRelease|Win32.ActiveCfg = Release|Win32
		{34A879C9-6244-49FB-8480-944CD6775906}.UnicodeRelease|Win32.Build.0 = Release|Win32
		{34A879C9-6244-49FB-8480-944CD6775906}.UnicodeRelease|x64.ActiveCfg = Release|Win32
		{D1B03378-ABD2-487B-A201-6770D79C8E83}.Debug|Win32.ActiveCfg = Debug|Win32
		{D1B03378-ABD2-487B-A201-6770D79C8E83}.Debug|Win32.Build.0 = Debug|Win32
		{D1B03378-ABD2-487B-A201-6770D79C8E83}.Debug|x64.ActiveCfg = Debug|Win32
		{D1B03378-ABD2-487B-A201-6770D79C8E83}.Release|Win32.ActiveCfg = Release|Win32
		{D1B03378-ABD2-487B-A201-6770D79C8E83}.Release|Win32.Build.0 = Release|Win32
		{D1B03378-ABD2-487B-A201-6770D79C8E83}.Release|x64.ActiveCfg = Release|Win32
		{D1B03378-ABD2-487B-A201-6770D79C8E83}.UnicodeDebug|Win32.ActiveCfg = Debug|Win32
		{D1B03378-ABD2-487B-A201-6770D79C8E83}.UnicodeDebug|Win32.Build.0 = Debug|Win32
		{D1B03378-ABD2-487B-A201-6770D79C8E83}.UnicodeDebug|x64.ActiveCfg = Debug|Win32
		{D1B03378-ABD2-487B-A201-6770D79C8E83}.UnicodeRelease|Win32.ActiveCfg = Release|Win32
		{D1B03378-ABD2-487B-A201-6770D79C8E83}.UnicodeRelease|Win32.Build.0 = Release|Win32
		{D1B03378-ABD2-487B-A201-6770D79C8E83}.UnicodeRelease|x64.ActiveCfg = Release|Win32
		{6F610600-0E54-4A29-B272-8F616766EAD3}.Debug|Win32.ActiveCfg = Debug|Win32
		{6F610600-0E54-4A29-B272-8F616766EAD3}.Debug|Win32.Build.0 = Debug|Win32
		{6F610600-0E54-4A29-B272-8F616766EAD3}.Debug|x64.ActiveCfg = Debug|Win32
		{6F610600-0E54-4A29-B272-8F616766EAD3}.Release|Win32.ActiveCfg = Release|Win32
		{6F610600-0E54-4A29-B272-8F616766EAD3}.Release|Win32.Build.0 = Release|Win32
		{6F610600-0E54-4A29-B272-8F616766EAD3}.Release|x64.ActiveCfg = Release|Win32
		{6F610600-0E54-4A29-B272-8F616766EAD3}.UnicodeDebug|Win32.ActiveCfg = Debug|Win32
		{6F610600-0E54-4A29-B272-8F616766EAD3}.UnicodeDebug|Win32.Build.0 = Debug|Win32
		{6F610600-0E54-4A29-B272-8F616766EAD3}.UnicodeDebug|x64.ActiveCfg = Debug|Win32
		{6F610600-0E54-4A29-B272-8F616766EAD3}.UnicodeRelease|Win32.ActiveCfg = Release|Win32
		{6F610600-0E54-4A29-B272-8F616766EAD3}.UnicodeRelease|Win32.Build.0 = Release|Win32
		{6F610600-0E54-4A29-B272-8F616766EAD3}.UnicodeRelease|x64.ActiveCfg = Release|Win32
		{7F52544B-23EC-432D-B394-A2E55961A22B}.Debug|Win32.ActiveCfg = Debug|Win32
		{7F52544B-23EC-432D-B394-A2E55961A22B}.Debug|Win32.Build.0 = Debug|Win32
		{7F52544B-23EC-432D-B394-A2E55961A22B}.Debug|x64.ActiveCfg = Debug|Win32
		{7F52544B-23EC-432D-B394-A2E55961A22B}.Release|Win32.ActiveCfg = Release|Win32
		{7F52544B-23EC-432D-B394-A2E55961A22B}.Release|Win32.Build.0 = Release|Win32
		{7F52544B-23EC-432D-B394-A2E55961A22B}.Release|x64.ActiveCfg = Release|Win32
		{7F52544B-23EC-432D-B394-A2E55961A22B}.UnicodeDebug|Win32.ActiveCfg = Debug|Win32
		{7F52544B-23EC-432D-B394-A2E55961A22B}.UnicodeDebug|Win32.Build.0 = Debug|Win32
		{7F52544B-23EC-432D-B394-A2E55961A22B}.UnicodeDebug|x64.ActiveCfg = Debug|Win32
		{7F52544B-23EC-432D-B394-A2E55961A22B}.UnicodeRelease|Win32.ActiveCfg = Release|Win32
		{7F52544B-23EC-432D-B394-A2E55961A22B}.UnicodeRelease|Win32.Build.0 = Release|Win32
		{7F52544B-23EC-432D-B394-A2E55961A22B}.UnicodeRelease|x64.ActiveCfg = Release|Win32
		{5AB76408-6EE5-46F1-A36C-8709090E95C1}.Debug|Win32.ActiveCfg = Debug|Win32
		{5AB76408-6EE5-46F1-A36C-8709090E95C1}.Debug|Win32.Build.0 = Debug|Win32
		{5AB76408-6EE5-46F1-A36C-8709090E95C1}.Debug|x64.ActiveCfg = Debug|Win32
		{5AB76408-6EE5-46F1-A36C-8709090E95C1}.Release|Win32.ActiveCfg = Release|Win32
		{5AB76408-6EE5-46F1-A36C-8709090E95C1}.Release|Win32.Build.0 = Release|Win32
		{5AB76408-6EE5-46F1-A36C-8709090E95C1}.Release|x64.ActiveCfg = Release|Win32
		{5AB76408-6EE5-46F1-A36C-8709090E95C1}.UnicodeDebug|Win32.ActiveCfg = Debug|Win32
		{5AB76408-6EE5-46F1-A36C-8709090E95C1}.UnicodeDebug|Win32.Build.0 = Debug|Win32
		{5AB76408-6EE5-46F1-A36C-8709090E95C1}.UnicodeDebug|x64.ActiveCfg = Debug|Win32
		{5AB76408-6EE5-46F1-A36C-8709090E95C1}.UnicodeRelease|Win32.ActiveCfg = Release|Win32
		{5AB76408-6EE5-46F1-A36C-8709090E95C1}.UnicodeRelease|Win32.Build.0 = Release|Win32
		{5AB76408-6EE5-46F1-A36C-8709090E95C1}.UnicodeRelease|x64.ActiveCfg = Release|Win32
		{4036EC24-D002-4CAD-BBD9-CB0A20EBE954}.Debug|Win32.ActiveCfg = Debug|Win32
		{4036EC24-D002-4CAD-BBD9-CB0A20EBE954}.Debug|Win32.Build.0 = Debug|Win32
		{4036EC24-D002-4CAD-BBD9-CB0A20EBE954}.Debug|x64.ActiveCfg = Debug|Win32
		{4036EC24-D002-4CAD-BBD9-CB0A20EBE954}.Release|Win32.ActiveCfg = Release|Win32
		{4036EC24-D002-4CAD-BBD9-CB0A20EBE954}.Release|Win32.Build.0 = Release|Win32
		{4036EC24-D002-4CAD-BBD9-CB0A20EBE954}.Release|x64.ActiveCfg = Release|Win32
		{4036EC24-D002-4CAD-BBD9-CB0A20EBE954}.UnicodeDebug|Win32.ActiveCfg = Debug|Win32
		{4036EC24-D002-4CAD-BBD9-CB0A20EBE954}.UnicodeDebug|Win32.Build.0 = Debug|Win32
		{4036EC24-D002-4CAD-BBD9-CB0A20EBE954}.UnicodeDebug|x64.ActiveCfg = Debug|Win32
		{4036EC24-D002-4CAD-BBD9-CB0A20EBE954}.UnicodeRelease|Win32.ActiveCfg = Release|Win32
		{4036EC24-D002-4CAD-BBD9-CB0A20EBE954}.UnicodeRelease|Win32.Build.0 = Release|Win32
		{4036EC24-D002-4CAD-BBD9-CB0A20EBE954}.UnicodeRelease|x64.ActiveCfg = Release|Win32
		{C7F5541D-C821-4B12-8CE4-2660D39E0239}.Debug|Win32.ActiveCfg = Debug|Win32
		{C7F5541D-C821-4B12-8CE4-2660D39E0239}.Debug|Win32.Build.0 = Debug|Win32
		{C7F5541D-C821-4B12-8CE4-2660D39E0239}.Debug|x64.ActiveCfg = Debug|Win32
		{C7F5541D-C821-4B12-8CE4-2660D39E0239}.Release|Win32.ActiveCfg = Release|Win32
		{C7F5541D-C821-4B12-8CE4-2660D39E0239}.Release|Win32.Build.0 = Release|Win32
		{C7F5541D-C821-4B12-8CE4-2660D39E0239}.Release|x64.ActiveCfg = Release|Win32
		{C7F5541D-C821-4B12-8CE4-2660D39E0239}.UnicodeDebug|Win32.ActiveCfg = Debug|Win32
		{C7F5541D-C821-4B12-8CE4-2660D39E0239}.UnicodeDebug|Win32.Build.0 = Debug|Win32
		{C7F5541D-C821-4B12-8CE4-2660D39E0239}.UnicodeDebug|x64.ActiveCfg = Debug|Win32
		{C7F5541D-C821-4B12-8CE4-2660D39E0239}.UnicodeRelease|Win32.ActiveCfg = Release|Win32
		{C7F5541D-C821-4B12-8CE4-2660D39E0239}.UnicodeRelease|Win32.Build.0 = Release|Win32
		{C7F5541D-C821-4B12-8CE4-2660D39E0239}.UnicodeRelease|x64.ActiveCfg = Release|Win32
		{E7761CD7-02B3-416E-8029-B944BEF0D3B5}.Debug|Win32.ActiveCfg = Debug|Win32
		{E7761CD7-02B3-416E-8029-B944BEF0D3B5}.Debug|Win32.Build.0 = Debug|Win32
		{E7761CD7-02B3-416E-8029-B944BEF0D3B5}.Debug|x64.ActiveCfg = Debug|Win32
		{E7761CD7-02B3-416E-8029-B944BEF0D3B5}.Release|Win32.ActiveCfg = Release|Win32
		{E7761CD7-02B3-416E-8029-B944BEF0D3B5}.Release|Win32.Build.0 = Release|Win32
		{E7761CD7-02B3-416E-8029-B944BEF0D3B5}.Release|x64.ActiveCfg = Release|Win32
		{E7761CD7-02B3-416E-8029-B944BEF0D3B5}.UnicodeDebug|Win32.ActiveCfg = Debug|Win32
		{E7761CD7-02B3-416E-8029-B944BEF0D3B5}.UnicodeDebug|Win32.Build.0 = Debug|Win32
		{E7761CD7-02B3-416E-8029-B944BEF0D3B5}.UnicodeDebug|x64.ActiveCfg = Debug|Win32
		{E7761CD7-02B3-416E-8029-B944BEF0D3B5}.UnicodeRelease|Win32.ActiveCfg = Release|Win32
		{E7761CD7-02B3-416E-8029-B944BEF0D3B5}.UnicodeRelease|Win32.Build.0 = Release|Win32
		{E7761CD7-02B3-416E-8029-B944BEF0D3B5}.UnicodeRelease|x64.ActiveCfg = Release|Win32
		{E735C1AA-9A68-4724-808F-6F92064A777F}.Debug|Win32.ActiveCfg = Debug|Win32
		{E735C1AA-9A68-4724-808F-6F92064A777F}.Debug|Win32.Build.0 = Debug|Win32
		{E735C1AA-9A68-4724-808F-6F92064A777F}.Debug|x64.ActiveCfg = Debug|Win32
		{E735C1AA-9A68-4724-808F-6F92064A777F}.Release|Win32.ActiveCfg = Release|Win32
		{E735C1AA-9A68-4724-808F-6F92064A777F}.Release|Win32.Build.0 = Release|Win32
		{E735C1AA-9A68-4724-808F-6F92064A777F}.Release|x64.ActiveCfg = Release|Win32
		{E735C1AA-9A68-4724-808F-6F92064A777F}.UnicodeDebug|Win32.ActiveCfg = Debug|Win32
		{E735C1AA-9A68-4724-808F-6F92064A777F}.UnicodeDebug|Win32.Build.0 = Debug|Win32
		{E735C1AA-9A68-4724-808F-6F92064A777F}.UnicodeDebug|x64.ActiveCfg = Debug|Win32
		{E735C1AA-9A68-4724-808F-6F92064A777F}.UnicodeRelease|Win32.ActiveCfg = Release|Win32
		{E735C1AA-9A68-4724-808F-6F92064A777F}.UnicodeRelease|Win32.Build.0 = Release|Win32
		{E735C1AA-9A68-4724-808F-6F92064A777F}.UnicodeRelease|x64.ActiveCfg = Release|Win32
		{66E3B4C5-8DEA-4B3D-BBB7-C538A1A4DAC7}.Debug|Win32.ActiveCfg = Debug|Win32
		{66E3B4C5-8DEA-4B3D-BBB7-C538A1A4DAC7}.Debug|Win32.Build.0 = Debug|Win32
		{66E3B4C5-8DEA-4B3D-BBB7-C538A1A4DAC7}.Debug|x64.ActiveCfg = Debug|Win32
		{66E3B4C5-8DEA-4B3D-BBB7-C538A1A4DAC7}.Release|Win32.ActiveCfg = Release|Win32
		{66E3B4C5-8DEA-4B3D-BBB7-C538A1A4DAC7}.Release|Win32.Build.0 = Release|Win32
		{66E3B4C5-8DEA-4B3D-BBB7-C538A1A4DAC7}.Release|x64.ActiveCfg = Release|Win32
		{66E3B4C5-8DEA-4B3D-BBB7-C538A1A4DAC7}.UnicodeDebug|Win32.ActiveCfg = Debug|Win32
		{66E3B4C5-8DEA-4B3D-BBB7-C538A1A4DAC7}.UnicodeDebug|Win32.Build.0 = Debug|Win32
		{66E3B4C5-8DEA-4B3D-BBB7-C538A1A4DAC7}.UnicodeDebug|x64.ActiveCfg = Debug|Win32
		{66E3B4C5-8DEA-4B3D-BBB7-C538A1A4DAC7}.UnicodeRelease|Win32.ActiveCfg = Release|Win32
		{66E3B4C5-8DEA-4B3D-BBB7-C538A1A4DAC7}.UnicodeRelease|Win32.Build.0 = Release|Win32
		{66E3B4C5-8DEA-4B3D-BBB7-C538A1A4DAC7}.UnicodeRelease|x64.ActiveCfg = Release|Win32
		{5E788760-67ED-4D8E-8EDB-160317BF3B58}.Debug|Win32.ActiveCfg = Debug|Win32
		{5E788760-67ED-4D8E-8EDB-160317BF3B58}.Debug|Win32.Build.0 = Debug|Win32
		{5E788760-67ED-4D8E-8EDB-160317BF3B58}.Debug|x64.ActiveCfg = Debug|Win32
		{5E788760-67ED-4D8E-8EDB-160317BF3B58}.Release|Win32.ActiveCfg = Release|Win32
		{5E788760-67ED-4D8E-8EDB-160317BF3B58}.Release|Win32.Build.0 = Release|Win32
		{5E788760-67ED-4D8E-8EDB-160317BF3B58}.Release|x64.ActiveCfg = Release|Win32
		{5E788760-67ED-4D8E-8EDB-160317BF3B58}.UnicodeDebug|Win32.ActiveCfg = Debug|Win32
		{5E788760-67ED-4D8E-8EDB-160317BF3B58}.UnicodeDebug|Win32.Build.0 = Debug|Win32
		{5E788760-67ED-4D8E-8EDB-160317BF3B58}.UnicodeDebug|x64.ActiveCfg = Debug|Win32
		{5E788760-67ED-4D8E-8EDB-160317BF3B58}.UnicodeRelease|Win32.ActiveCfg = Release|Win32
		{5E788760-67ED-4D8E-8EDB-160317BF3B58}.UnicodeRelease|Win32.Build.0 = Release|Win32
		{5E788760-67ED-4D8E-8EDB-160317BF3B58}.UnicodeRelease|x64.ActiveCfg = Release|Win32
		{BB9B5E12-44E9-4C3E-9116-2DCDC2FEAE2E}.Debug|Win32.ActiveCfg = Debug|Win32
		{BB9B5E12-44E9-4C3E-9116-2DCDC2FEAE2E}.Debug|Win32.Build.0 = Debug|Win32
		{BB9B5E12-44E9-4C3E-9116-2DCDC2FEAE2E}.Debug|x64.ActiveCfg = Debug|Win32
		{BB9B5E12-44E9-4C3E-9116-2DCDC2FEAE2E}.Release|Win32.ActiveCfg = Release|Win32
		{BB9B5E12-44E9-4C3E-9116-2DCDC2FEAE2E}.Release|Win32.Build.0 = Release|Win32
		{BB9B5E12-44E9-4C3E-9116-2DCDC2FEAE2E}.Release|x64.ActiveCfg = Release|Win32
		{BB9B5E12-44E9-4C3E-9116-2DCDC2FEAE2E}.UnicodeDebug|Win32.ActiveCfg = Debug|Win32
		{BB9B5E12-44E9-4C3E-9116-2DCDC2FEAE2E}.UnicodeDebug|Win32.Build.0 = Debug|Win32
		{BB9B5E12-44E9-4C3E-9116-2DCDC2FEAE2E}.UnicodeDebug|x64.ActiveCfg = Debug|Win32
		{BB9B5E12-44E9-4C3E-9116-2DCDC2FEAE2E}.UnicodeRelease|Win32.ActiveCfg = Release|Win32
		{BB9B5E12-44E9-4C3E-9116-2DCDC2FEAE2E}.UnicodeRelease|Win32.Build.0 = Release|Win32
		{BB9B5E12-44E9-4C3E-9116-2DCDC2FEAE2E}.UnicodeRelease|x64.ActiveCfg = Release|Win32
	EndGlobalSection
	GlobalSection(SolutionProperties) = preSolution
		HideSolutionNode = FALSE
	EndGlobalSection
	GlobalSection(NestedProjects) = preSolution
		{6E1B7426-03DB-4221-B8A7-E7769F6F355F} = {03EBF52E-95F6-497C-A64D-3B59BE8DB55D}
		{29B20B82-E6B8-4CB8-8223-1E98710E53F3} = {03EBF52E-95F6-497C-A64D-3B59BE8DB55D}
		{5E788760-67ED-4D8E-8EDB-160317BF3B58} = {03EBF52E-95F6-497C-A64D-3B59BE8DB55D}
		{BB9B5E12-44E9-4C3E-9116-2DCDC2FEAE2E} = {03EBF52E-95F6-497C-A64D-3B59BE8DB55D}
		{4072B962-61C4-4C5C-8144-C3E836AB4165} = {6E1B7426-03DB-4221-B8A7-E7769F6F355F}
		{8477D664-1693-40CF-81AD-9788426D7120} = {4072B962-61C4-4C5C-8144-C3E836AB4165}
		{70757950-919D-4CD9-9F14-3BD79267ADF8} = {29B20B82-E6B8-4CB8-8223-1E98710E53F3}
		{688F811A-5049-40DE-A54C-9DCB22126A7E} = {29B20B82-E6B8-4CB8-8223-1E98710E53F3}
		{FFF5E5B8-C115-451F-A592-B3DFB3899FA4} = {F3A09850-38DE-4222-A867-0895BDC6EC67}
		{1525BCA4-640E-42A6-A0E3-91B1B7FE3A55} = {F3A09850-38DE-4222-A867-0895BDC6EC67}
		{5961E4D4-7A6E-43B6-A76F-760FD5F0134C} = {F3A09850-38DE-4222-A867-0895BDC6EC67}
		{94F94BF1-C080-4D47-ADBE-6BA83AB21669} = {F3A09850-38DE-4222-A867-0895BDC6EC67}
		{C966D25F-62CD-4507-82B9-2F5E6669BD69} = {F3A09850-38DE-4222-A867-0895BDC6EC67}
		{81825D00-7FF2-4235-AC5D-D4E6FA4D0EBE} = {F3A09850-38DE-4222-A867-0895BDC6EC67}
		{D739BED1-F9DB-432F-A240-990087158A51} = {F3A09850-38DE-4222-A867-0895BDC6EC67}
		{D6BC3708-140F-4EEB-86F0-047D2FCFCFC1} = {F3A09850-38DE-4222-A867-0895BDC6EC67}
		{7F52544B-23EC-432D-B394-A2E55961A22B} = {FFF5E5B8-C115-451F-A592-B3DFB3899FA4}
		{5AB76408-6EE5-46F1-A36C-8709090E95C1} = {1525BCA4-640E-42A6-A0E3-91B1B7FE3A55}
		{4036EC24-D002-4CAD-BBD9-CB0A20EBE954} = {5961E4D4-7A6E-43B6-A76F-760FD5F0134C}
		{C7F5541D-C821-4B12-8CE4-2660D39E0239} = {94F94BF1-C080-4D47-ADBE-6BA83AB21669}
		{E7761CD7-02B3-416E-8029-B944BEF0D3B5} = {C966D25F-62CD-4507-82B9-2F5E6669BD69}
		{66E3B4C5-8DEA-4B3D-BBB7-C538A1A4DAC7} = {81825D00-7FF2-4235-AC5D-D4E6FA4D0EBE}
		{E735C1AA-9A68-4724-808F-6F92064A777F} = {D6BC3708-140F-4EEB-86F0-047D2FCFCFC1}
	EndGlobalSection
EndGlobal
