<?xml version="1.0" encoding="utf-8"?>
<Project ToolsVersion="4.0" xmlns="http://schemas.microsoft.com/developer/msbuild/2003">
  <ItemGroup>
    <Filter Include="资源文件">
      <UniqueIdentifier>{67DA6AB6-F800-4c08-8B7A-83BB121AAD01}</UniqueIdentifier>
      <Extensions>rc;ico;cur;bmp;dlg;rc2;rct;bin;rgs;gif;jpg;jpeg;jpe;resx;tiff;tif;png;wav;mfcribbon-ms</Extensions>
    </Filter>
    <Filter Include="gui">
      <UniqueIdentifier>{d0442278-197b-4422-8929-3a785871b1c8}</UniqueIdentifier>
    </Filter>
    <Filter Include="gui\main">
      <UniqueIdentifier>{728092e4-7067-4b4a-afd9-54b0f92770b7}</UniqueIdentifier>
    </Filter>
    <Filter Include="control">
      <UniqueIdentifier>{f68663b1-f019-4b39-bee1-5b671207e514}</UniqueIdentifier>
    </Filter>
    <Filter Include="thread">
      <UniqueIdentifier>{d722ae68-f022-4af2-bf10-50249e1b6add}</UniqueIdentifier>
    </Filter>
    <Filter Include="rtsp">
      <UniqueIdentifier>{3336d929-b6ef-4e93-a91d-15fe467987c8}</UniqueIdentifier>
    </Filter>
    <Filter Include="extra">
      <UniqueIdentifier>{a19a4335-10af-4835-a2e8-c4d78f3ba79f}</UniqueIdentifier>
    </Filter>
  </ItemGroup>
  <ItemGroup>
    <ClCompile Include="player.cpp" />
    <ClCompile Include="stdafx.cpp" />
    <ClCompile Include="gui\main\player_main_form.cpp">
      <Filter>gui\main</Filter>
    </ClCompile>
    <ClCompile Include="gui\main\player_main_form_ui.cpp">
      <Filter>gui\main</Filter>
    </ClCompile>
    <ClCompile Include="thread\main_thread.cpp">
      <Filter>thread</Filter>
    </ClCompile>
    <ClCompile Include="..\live555\testProgs\openRTSP.cpp">
      <Filter>rtsp</Filter>
    </ClCompile>
    <ClCompile Include="rtsp\rtsp.cpp">
      <Filter>rtsp</Filter>
    </ClCompile>
    <ClCompile Include="rtsp\rtsp_client.cpp">
      <Filter>rtsp</Filter>
    </ClCompile>
    <ClCompile Include="extra\buf.cpp">
      <Filter>extra</Filter>
    </ClCompile>
    <ClCompile Include="control\media_player.cpp">
      <Filter>control</Filter>
    </ClCompile>
    <ClCompile Include="control\media_player_ui.cpp">
      <Filter>control</Filter>
    </ClCompile>
    <ClCompile Include="control\screen.cpp">
      <Filter>control</Filter>
    </ClCompile>
  </ItemGroup>
  <ItemGroup>
    <ClInclude Include="stdafx.h" />
    <ClInclude Include="gui\main\player_main_form.h">
      <Filter>gui\main</Filter>
    </ClInclude>
    <ClInclude Include="resource.h" />
    <ClInclude Include="thread\main_thread.h">
      <Filter>thread</Filter>
    </ClInclude>
    <ClInclude Include="..\live555\testProgs\playCommon.hh">
      <Filter>rtsp</Filter>
    </ClInclude>
    <ClInclude Include="rtsp\rtsp.h">
      <Filter>rtsp</Filter>
    </ClInclude>
    <ClInclude Include="extra\buf.h">
      <Filter>extra</Filter>
    </ClInclude>
    <ClInclude Include="control\media_player.h">
      <Filter>control</Filter>
    </ClInclude>
  </ItemGroup>
  <ItemGroup>
    <Xml Include="..\bin\res\player\XMP.xml">
      <Filter>gui</Filter>
    </Xml>
    <Xml Include="..\bin\res\player\player_main_form.xml">
      <Filter>gui\main</Filter>
    </Xml>
    <Xml Include="..\bin\res\public\media_player\media_player.xml">
      <Filter>control</Filter>
    </Xml>
  </ItemGroup>
  <ItemGroup>
    <ResourceCompile Include="player.rc">
      <Filter>资源文件</Filter>
    </ResourceCompile>
  </ItemGroup>
  <ItemGroup>
    <Image Include="icon.ico">
      <Filter>资源文件</Filter>
    </Image>
  </ItemGroup>
</Project>