<?xml version="1.0" encoding="utf-8"?>
<Project ToolsVersion="4.0" xmlns="http://schemas.microsoft.com/developer/msbuild/2003">
  <ItemGroup>
    <Filter Include="资源文件">
      <UniqueIdentifier>{67DA6AB6-F800-4c08-8B7A-83BB121AAD01}</UniqueIdentifier>
      <Extensions>rc;ico;cur;bmp;dlg;rc2;rct;bin;rgs;gif;jpg;jpeg;jpe;resx;tiff;tif;png;wav;mfcribbon-ms</Extensions>
    </Filter>
    <Filter Include="gui">
      <UniqueIdentifier>{d0442278-197b-4422-8929-3a785871b1c8}</UniqueIdentifier>
    </Filter>
    <Filter Include="gui\main">
      <UniqueIdentifier>{728092e4-7067-4b4a-afd9-54b0f92770b7}</UniqueIdentifier>
    </Filter>
  </ItemGroup>
  <ItemGroup>
    <Text Include="ReadMe.txt" />
  </ItemGroup>
  <ItemGroup>
    <ClCompile Include="player.cpp" />
    <ClCompile Include="stdafx.cpp" />
    <ClCompile Include="gui\main\player_main_form.cpp">
      <Filter>gui\main</Filter>
    </ClCompile>
    <ClCompile Include="gui\main\player_main_form_ui.cpp">
      <Filter>gui\main</Filter>
    </ClCompile>
  </ItemGroup>
  <ItemGroup>
    <ClInclude Include="stdafx.h" />
    <ClInclude Include="gui\main\player_main_form.h">
      <Filter>gui\main</Filter>
    </ClInclude>
  </ItemGroup>
  <ItemGroup>
    <Xml Include="..\bin\res\player\XMP.xml">
      <Filter>gui</Filter>
    </Xml>
    <Xml Include="..\bin\res\player\player_main_form.xml">
      <Filter>gui\main</Filter>
    </Xml>
  </ItemGroup>
</Project>