<?xml version="1.0" encoding="utf-8"?>
<Project ToolsVersion="4.0" xmlns="http://schemas.microsoft.com/developer/msbuild/2003">
  <ItemGroup>
    <None Include="modify.log" />
    <None Include="utils\flash11.tlh">
      <Filter>utils</Filter>
    </None>
  </ItemGroup>
  <ItemGroup>
    <Filter Include="core">
      <UniqueIdentifier>{0a833cfc-7422-4054-a97c-8c19dbb487f9}</UniqueIdentifier>
    </Filter>
    <Filter Include="control">
      <UniqueIdentifier>{72918e0b-9745-45ab-ada9-b68ce1cded49}</UniqueIdentifier>
    </Filter>
    <Filter Include="extend">
      <UniqueIdentifier>{a4310681-b80c-4d80-9110-0548babc9ca3}</UniqueIdentifier>
    </Filter>
    <Filter Include="help">
      <UniqueIdentifier>{57691f73-c6ef-463c-a395-9c960414a615}</UniqueIdentifier>
    </Filter>
    <Filter Include="box">
      <UniqueIdentifier>{4624e0f0-d907-43f3-851a-00c9aaa4995c}</UniqueIdentifier>
    </Filter>
    <Filter Include="utils">
      <UniqueIdentifier>{30e2a4c5-9b54-4665-ad48-7b3c8e8c529f}</UniqueIdentifier>
    </Filter>
  </ItemGroup>
  <ItemGroup>
    <ClCompile Include="control\activeX.cpp">
      <Filter>control</Filter>
    </ClCompile>
    <ClCompile Include="control\browser.cpp">
      <Filter>control</Filter>
    </ClCompile>
    <ClCompile Include="control\button.cpp">
      <Filter>control</Filter>
    </ClCompile>
    <ClCompile Include="control\combo.cpp">
      <Filter>control</Filter>
    </ClCompile>
    <ClCompile Include="control\edit.cpp">
      <Filter>control</Filter>
    </ClCompile>
    <ClCompile Include="control\flash.cpp">
      <Filter>control</Filter>
    </ClCompile>
    <ClCompile Include="control\gif.cpp">
      <Filter>control</Filter>
    </ClCompile>
    <ClCompile Include="control\label.cpp">
      <Filter>control</Filter>
    </ClCompile>
    <ClCompile Include="control\list.cpp">
      <Filter>control</Filter>
    </ClCompile>
    <ClCompile Include="control\list_item.cpp">
      <Filter>control</Filter>
    </ClCompile>
    <ClCompile Include="control\listview.cpp">
      <Filter>control</Filter>
    </ClCompile>
    <ClCompile Include="control\menu.cpp">
      <Filter>control</Filter>
    </ClCompile>
    <ClCompile Include="control\option.cpp">
      <Filter>control</Filter>
    </ClCompile>
    <ClCompile Include="control\progress.cpp">
      <Filter>control</Filter>
    </ClCompile>
    <ClCompile Include="control\richedit.cpp">
      <Filter>control</Filter>
    </ClCompile>
    <ClCompile Include="control\richedit_olecallback.cpp">
      <Filter>control</Filter>
    </ClCompile>
    <ClCompile Include="control\richedit_util.cpp">
      <Filter>control</Filter>
    </ClCompile>
    <ClCompile Include="control\slider.cpp">
      <Filter>control</Filter>
    </ClCompile>
    <ClCompile Include="control\text.cpp">
      <Filter>control</Filter>
    </ClCompile>
    <ClCompile Include="control\tree.cpp">
      <Filter>control</Filter>
    </ClCompile>
    <ClCompile Include="core\builder.cpp">
      <Filter>core</Filter>
    </ClCompile>
    <ClCompile Include="core\control.cpp">
      <Filter>core</Filter>
    </ClCompile>
    <ClCompile Include="core\manager.cpp">
      <Filter>core</Filter>
    </ClCompile>
    <ClCompile Include="core\markup.cpp">
      <Filter>core</Filter>
    </ClCompile>
    <ClCompile Include="core\render.cpp">
      <Filter>core</Filter>
    </ClCompile>
    <ClCompile Include="core\window.cpp">
      <Filter>core</Filter>
    </ClCompile>
    <ClCompile Include="extend\buttonbox.cpp">
      <Filter>extend</Filter>
    </ClCompile>
    <ClCompile Include="extend\labelbox.cpp">
      <Filter>extend</Filter>
    </ClCompile>
    <ClCompile Include="extend\optionbox.cpp">
      <Filter>extend</Filter>
    </ClCompile>
    <ClCompile Include="help\file.cpp">
      <Filter>help</Filter>
    </ClCompile>
    <ClCompile Include="help\image.cpp">
      <Filter>help</Filter>
    </ClCompile>
    <ClCompile Include="box\box.cpp">
      <Filter>box</Filter>
    </ClCompile>
    <ClCompile Include="box\childbox.cpp">
      <Filter>box</Filter>
    </ClCompile>
    <ClCompile Include="box\hbox.cpp">
      <Filter>box</Filter>
    </ClCompile>
    <ClCompile Include="box\scrollbox.cpp">
      <Filter>box</Filter>
    </ClCompile>
    <ClCompile Include="box\tabbox.cpp">
      <Filter>box</Filter>
    </ClCompile>
    <ClCompile Include="box\tilebox.cpp">
      <Filter>box</Filter>
    </ClCompile>
    <ClCompile Include="box\vbox.cpp">
      <Filter>box</Filter>
    </ClCompile>
    <ClCompile Include="utils\image_ole_i.c">
      <Filter>utils</Filter>
    </ClCompile>
    <ClCompile Include="utils\stb_image.c">
      <Filter>utils</Filter>
    </ClCompile>
    <ClCompile Include="utils\Xunzip.cpp">
      <Filter>utils</Filter>
    </ClCompile>
    <ClCompile Include="log.cpp" />
    <ClCompile Include="stdafx.cpp" />
    <ClCompile Include="control\check.cpp">
      <Filter>control</Filter>
    </ClCompile>
    <ClCompile Include="control\datetime.cpp">
      <Filter>control</Filter>
    </ClCompile>
    <ClCompile Include="control\scroll.cpp">
      <Filter>control</Filter>
    </ClCompile>
    <ClCompile Include="core\win_impl_base.cpp">
      <Filter>core</Filter>
    </ClCompile>
    <ClCompile Include="uilib.cpp" />
    <ClCompile Include="core\base.cpp">
      <Filter>core</Filter>
    </ClCompile>
    <ClCompile Include="core\delegate.cpp">
      <Filter>core</Filter>
    </ClCompile>
    <ClCompile Include="core\shadow.cpp">
      <Filter>core</Filter>
    </ClCompile>
    <ClCompile Include="utils\dpi.cpp">
      <Filter>utils</Filter>
    </ClCompile>
  </ItemGroup>
  <ItemGroup>
    <ClInclude Include="control\activeX.h">
      <Filter>control</Filter>
    </ClInclude>
    <ClInclude Include="control\browser.h">
      <Filter>control</Filter>
    </ClInclude>
    <ClInclude Include="control\button.h">
      <Filter>control</Filter>
    </ClInclude>
    <ClInclude Include="control\combo.h">
      <Filter>control</Filter>
    </ClInclude>
    <ClInclude Include="control\edit.h">
      <Filter>control</Filter>
    </ClInclude>
    <ClInclude Include="control\flash.h">
      <Filter>control</Filter>
    </ClInclude>
    <ClInclude Include="control\gif.h">
      <Filter>control</Filter>
    </ClInclude>
    <ClInclude Include="control\label.h">
      <Filter>control</Filter>
    </ClInclude>
    <ClInclude Include="control\list.h">
      <Filter>control</Filter>
    </ClInclude>
    <ClInclude Include="control\list_item.h">
      <Filter>control</Filter>
    </ClInclude>
    <ClInclude Include="control\listview.h">
      <Filter>control</Filter>
    </ClInclude>
    <ClInclude Include="control\menu.h">
      <Filter>control</Filter>
    </ClInclude>
    <ClInclude Include="control\option.h">
      <Filter>control</Filter>
    </ClInclude>
    <ClInclude Include="control\progress.h">
      <Filter>control</Filter>
    </ClInclude>
    <ClInclude Include="control\richedit.h">
      <Filter>control</Filter>
    </ClInclude>
    <ClInclude Include="control\richedit_olecallback.h">
      <Filter>control</Filter>
    </ClInclude>
    <ClInclude Include="control\slider.h">
      <Filter>control</Filter>
    </ClInclude>
    <ClInclude Include="control\text.h">
      <Filter>control</Filter>
    </ClInclude>
    <ClInclude Include="control\tree.h">
      <Filter>control</Filter>
    </ClInclude>
    <ClInclude Include="core\builder.h">
      <Filter>core</Filter>
    </ClInclude>
    <ClInclude Include="core\control.h">
      <Filter>core</Filter>
    </ClInclude>
    <ClInclude Include="core\define.h">
      <Filter>core</Filter>
    </ClInclude>
    <ClInclude Include="core\manager.h">
      <Filter>core</Filter>
    </ClInclude>
    <ClInclude Include="core\markup.h">
      <Filter>core</Filter>
    </ClInclude>
    <ClInclude Include="core\render.h">
      <Filter>core</Filter>
    </ClInclude>
    <ClInclude Include="core\window.h">
      <Filter>core</Filter>
    </ClInclude>
    <ClInclude Include="extend\buttonbox.h">
      <Filter>extend</Filter>
    </ClInclude>
    <ClInclude Include="extend\labelbox.h">
      <Filter>extend</Filter>
    </ClInclude>
    <ClInclude Include="extend\optionbox.h">
      <Filter>extend</Filter>
    </ClInclude>
    <ClInclude Include="help\file.h">
      <Filter>help</Filter>
    </ClInclude>
    <ClInclude Include="help\image.h">
      <Filter>help</Filter>
    </ClInclude>
    <ClInclude Include="box\box.h">
      <Filter>box</Filter>
    </ClInclude>
    <ClInclude Include="box\childbox.h">
      <Filter>box</Filter>
    </ClInclude>
    <ClInclude Include="box\hbox.h">
      <Filter>box</Filter>
    </ClInclude>
    <ClInclude Include="box\scrollbox.h">
      <Filter>box</Filter>
    </ClInclude>
    <ClInclude Include="box\tabbox.h">
      <Filter>box</Filter>
    </ClInclude>
    <ClInclude Include="box\tilebox.h">
      <Filter>box</Filter>
    </ClInclude>
    <ClInclude Include="box\vbox.h">
      <Filter>box</Filter>
    </ClInclude>
    <ClInclude Include="utils\browser_event_handler.h">
      <Filter>utils</Filter>
    </ClInclude>
    <ClInclude Include="utils\downloadmgr.h">
      <Filter>utils</Filter>
    </ClInclude>
    <ClInclude Include="utils\flash_event_handler.h">
      <Filter>utils</Filter>
    </ClInclude>
    <ClInclude Include="utils\image_ole_i.h">
      <Filter>utils</Filter>
    </ClInclude>
    <ClInclude Include="utils\observer_impl_base.hpp">
      <Filter>utils</Filter>
    </ClInclude>
    <ClInclude Include="utils\stb_image.h">
      <Filter>utils</Filter>
    </ClInclude>
    <ClInclude Include="log.h" />
    <ClInclude Include="stdafx.h" />
    <ClInclude Include="control\check.h">
      <Filter>control</Filter>
    </ClInclude>
    <ClInclude Include="control\datetime.h">
      <Filter>control</Filter>
    </ClInclude>
    <ClInclude Include="control\scroll.h">
      <Filter>control</Filter>
    </ClInclude>
    <ClInclude Include="utils\ver_help.h">
      <Filter>utils</Filter>
    </ClInclude>
    <ClInclude Include="core\win_impl_base.h">
      <Filter>core</Filter>
    </ClInclude>
    <ClInclude Include="uilib.h" />
    <ClInclude Include="core\base.h">
      <Filter>core</Filter>
    </ClInclude>
    <ClInclude Include="core\delegate.h">
      <Filter>core</Filter>
    </ClInclude>
    <ClInclude Include="core\shadow.h">
      <Filter>core</Filter>
    </ClInclude>
    <ClInclude Include="utils\dpi.h">
      <Filter>utils</Filter>
    </ClInclude>
  </ItemGroup>
</Project>