<?xml version="1.0" encoding="utf-8"?>
<Project ToolsVersion="4.0" xmlns="http://schemas.microsoft.com/developer/msbuild/2003">
  <ItemGroup>
    <Filter Include="资源文件">
      <UniqueIdentifier>{67DA6AB6-F800-4c08-8B7A-83BB121AAD01}</UniqueIdentifier>
      <Extensions>rc;ico;cur;bmp;dlg;rc2;rct;bin;rgs;gif;jpg;jpeg;jpe;resx;tiff;tif;png;wav;mfcribbon-ms</Extensions>
    </Filter>
    <Filter Include="gui">
      <UniqueIdentifier>{1113871a-f9da-45ab-b924-b77fc7cf83c8}</UniqueIdentifier>
    </Filter>
    <Filter Include="gui\login">
      <UniqueIdentifier>{ec13c4c7-f422-4a6c-81ed-d055391b1725}</UniqueIdentifier>
    </Filter>
    <Filter Include="gui\main">
      <UniqueIdentifier>{29f77d8c-533f-4aa2-b538-cdda2c0b2f74}</UniqueIdentifier>
    </Filter>
  </ItemGroup>
  <ItemGroup>
    <ClCompile Include="main.cpp" />
    <ClCompile Include="stdafx.cpp" />
    <ClCompile Include="gui\login\login_form_ui.cpp">
      <Filter>gui\login</Filter>
    </ClCompile>
    <ClCompile Include="gui\login\login_form.cpp">
      <Filter>gui\login</Filter>
    </ClCompile>
    <ClCompile Include="gui\main\main_form.cpp">
      <Filter>gui\main</Filter>
    </ClCompile>
    <ClCompile Include="gui\main\main_form_ui.cpp">
      <Filter>gui\main</Filter>
    </ClCompile>
    <ClCompile Include="gui\login\login_callback.cpp">
      <Filter>gui\login</Filter>
    </ClCompile>
  </ItemGroup>
  <ItemGroup>
    <ClInclude Include="stdafx.h" />
    <ClInclude Include="gui\login\login_form.h">
      <Filter>gui\login</Filter>
    </ClInclude>
    <ClInclude Include="gui\main\main_form.h">
      <Filter>gui\main</Filter>
    </ClInclude>
    <ClInclude Include="gui\login\login_callback.h">
      <Filter>gui\login</Filter>
    </ClInclude>
    <ClInclude Include="resource.h" />
  </ItemGroup>
  <ItemGroup>
    <Xml Include="..\bin\res\login\login.xml">
      <Filter>gui\login</Filter>
    </Xml>
    <Xml Include="..\duilib\duilib_attribute.xml" />
    <Xml Include="..\bin\res\global.xml" />
    <Xml Include="..\bin\res\main_vv\main.xml">
      <Filter>gui\main</Filter>
    </Xml>
    <Xml Include="..\bin\res\menu\menu.xml">
      <Filter>gui\login</Filter>
    </Xml>
    <Xml Include="..\bin\res\menu\tray_menu.xml">
      <Filter>gui\main</Filter>
    </Xml>
    <Xml Include="..\bin\res\main_vv\list_menu.xml">
      <Filter>gui\main</Filter>
    </Xml>
    <Xml Include="..\bin\res\db_manager\db_manager_mainform.xml">
      <Filter>资源文件</Filter>
    </Xml>
    <Xml Include="..\bin\res\db_manager\combo_ip.xml">
      <Filter>资源文件</Filter>
    </Xml>
  </ItemGroup>
  <ItemGroup>
    <ResourceCompile Include="demo.rc">
      <Filter>资源文件</Filter>
    </ResourceCompile>
  </ItemGroup>
  <ItemGroup>
    <Image Include="nim.ico">
      <Filter>资源文件</Filter>
    </Image>
  </ItemGroup>
</Project>