<?xml version="1.0" encoding="utf-8"?>
<Project ToolsVersion="4.0" xmlns="http://schemas.microsoft.com/developer/msbuild/2003">
  <ItemGroup>
    <Filter Include="资源文件">
      <UniqueIdentifier>{67DA6AB6-F800-4c08-8B7A-83BB121AAD01}</UniqueIdentifier>
      <Extensions>rc;ico;cur;bmp;dlg;rc2;rct;bin;rgs;gif;jpg;jpeg;jpe;resx;tiff;tif;png;wav;mfcribbon-ms</Extensions>
    </Filter>
    <Filter Include="gui">
      <UniqueIdentifier>{1c694a17-4b55-463c-8be3-72f72939aac7}</UniqueIdentifier>
    </Filter>
    <Filter Include="gui\msgbox">
      <UniqueIdentifier>{29dbe072-e7a6-483c-9f04-365358482c0e}</UniqueIdentifier>
    </Filter>
    <Filter Include="gui\window">
      <UniqueIdentifier>{6486b964-3a9e-4a36-aaf4-d4016716c7ac}</UniqueIdentifier>
    </Filter>
    <Filter Include="module">
      <UniqueIdentifier>{b9b373d5-f98f-478d-ac44-c7c5bf94b0fa}</UniqueIdentifier>
    </Filter>
    <Filter Include="module\window">
      <UniqueIdentifier>{e67727a8-2b2b-4ca7-bf07-60a51ea4e06e}</UniqueIdentifier>
    </Filter>
    <Filter Include="module\init">
      <UniqueIdentifier>{57b63a32-93dc-48ae-b823-eb47f8ce9429}</UniqueIdentifier>
    </Filter>
    <Filter Include="gui\emoji">
      <UniqueIdentifier>{0674253e-03ee-40e4-9689-3a828b645319}</UniqueIdentifier>
    </Filter>
    <Filter Include="callback">
      <UniqueIdentifier>{a9f83bb5-34cd-4388-bf40-27772239fd8c}</UniqueIdentifier>
    </Filter>
    <Filter Include="gui\modal_wnd">
      <UniqueIdentifier>{f1cefad2-e737-4551-9f7d-02fa48ab4c90}</UniqueIdentifier>
    </Filter>
    <Filter Include="module\login">
      <UniqueIdentifier>{a28e0891-9849-4459-a646-b06ededa507d}</UniqueIdentifier>
    </Filter>
    <Filter Include="util">
      <UniqueIdentifier>{0c3ee895-196b-4328-a6da-977073c9bd05}</UniqueIdentifier>
    </Filter>
    <Filter Include="module\db">
      <UniqueIdentifier>{a3c1eb8a-2bcb-4231-b6e7-12dca7c59cbf}</UniqueIdentifier>
    </Filter>
  </ItemGroup>
  <ItemGroup>
    <ClInclude Include="gui\msgbox\msgbox.h">
      <Filter>gui\msgbox</Filter>
    </ClInclude>
    <ClInclude Include="gui\window\window_ex.h">
      <Filter>gui\window</Filter>
    </ClInclude>
    <ClInclude Include="module\window\windows_manager.h">
      <Filter>module\window</Filter>
    </ClInclude>
    <ClInclude Include="gui\emoji\emoji_info.h">
      <Filter>gui\emoji</Filter>
    </ClInclude>
    <ClInclude Include="gui\modal_wnd\async_do_modal.h">
      <Filter>gui\modal_wnd</Filter>
    </ClInclude>
    <ClInclude Include="gui\modal_wnd\async_modal_runner.h">
      <Filter>gui\modal_wnd</Filter>
    </ClInclude>
    <ClInclude Include="gui\modal_wnd\file_dialog_ex.h">
      <Filter>gui\modal_wnd</Filter>
    </ClInclude>
    <ClInclude Include="gui\modal_wnd\modal_wnd_base.h">
      <Filter>gui\modal_wnd</Filter>
    </ClInclude>
    <ClInclude Include="stdafx.h" />
    <ClInclude Include="module\login\login_manager.h">
      <Filter>module\login</Filter>
    </ClInclude>
    <ClInclude Include="module\login\login_define.h">
      <Filter>module\login</Filter>
    </ClInclude>
    <ClInclude Include="module\login\login_callback.h">
      <Filter>module\login</Filter>
    </ClInclude>
    <ClInclude Include="kit_define.h" />
    <ClInclude Include="util\user_path.h">
      <Filter>util</Filter>
    </ClInclude>
    <ClInclude Include="module\db\user_db.h">
      <Filter>module\db</Filter>
    </ClInclude>
    <ClInclude Include="module\init\init_manager.h">
      <Filter>module\init</Filter>
    </ClInclude>
  </ItemGroup>
  <ItemGroup>
    <ClCompile Include="gui\msgbox\msgbox.cpp">
      <Filter>gui\msgbox</Filter>
    </ClCompile>
    <ClCompile Include="gui\window\window_ex.cpp">
      <Filter>gui\window</Filter>
    </ClCompile>
    <ClCompile Include="module\window\windows_manager.cpp">
      <Filter>module\window</Filter>
    </ClCompile>
    <ClCompile Include="gui\emoji\emoji_info.cpp">
      <Filter>gui\emoji</Filter>
    </ClCompile>
    <ClCompile Include="gui\modal_wnd\async_do_modal.cpp">
      <Filter>gui\modal_wnd</Filter>
    </ClCompile>
    <ClCompile Include="gui\modal_wnd\async_modal_runner.cpp">
      <Filter>gui\modal_wnd</Filter>
    </ClCompile>
    <ClCompile Include="gui\modal_wnd\file_dialog_ex.cpp">
      <Filter>gui\modal_wnd</Filter>
    </ClCompile>
    <ClCompile Include="stdafx.cpp" />
    <ClCompile Include="module\login\login_manager.cpp">
      <Filter>module\login</Filter>
    </ClCompile>
    <ClCompile Include="module\login\login_callback.cpp">
      <Filter>module\login</Filter>
    </ClCompile>
    <ClCompile Include="util\user_path.cpp">
      <Filter>util</Filter>
    </ClCompile>
    <ClCompile Include="module\db\user_db.cpp">
      <Filter>module\db</Filter>
    </ClCompile>
    <ClCompile Include="module\init\init_manager.cpp">
      <Filter>module\init</Filter>
    </ClCompile>
  </ItemGroup>
</Project>